
Microsoft Visual Studio Solution File, Format Version 12.00
# Visual Studio Version 17
VisualStudioVersion = 17.4.33110.190
MinimumVisualStudioVersion = 10.0.40219.1
Project("{2150E333-8FDC-42A3-9474-1A3956D46DE8}") = "src", "src", "{B6822AB2-6858-4986-8B58-4DF197B62541}"
EndProject
Project("{2150E333-8FDC-42A3-9474-1A3956D46DE8}") = "tests", "tests", "{C05D900F-0DCD-413F-9446-D6D87042DBA7}"
EndProject
Project("{9A19103F-16F7-4668-BE54-9A1E7A4F7556}") = "MGK.ServiceBase.API", "src\MGK.ServiceBase.API\MGK.ServiceBase.API.csproj", "{61004F0C-96EA-440A-AA29-403B91FE11CC}"
EndProject
Project("{9A19103F-16F7-4668-BE54-9A1E7A4F7556}") = "MGK.ServiceBase.CQRS", "src\MGK.ServiceBase.CQRS\MGK.ServiceBase.CQRS.csproj", "{230554F7-F539-46DE-B77A-C3A1E769AEC5}"
EndProject
Project("{9A19103F-16F7-4668-BE54-9A1E7A4F7556}") = "MGK.ServiceBase.DAL", "src\MGK.ServiceBase.DAL\MGK.ServiceBase.DAL.csproj", "{301CEB55-DC45-4701-B86C-664821D81892}"
EndProject
Project("{9A19103F-16F7-4668-BE54-9A1E7A4F7556}") = "MGK.ServiceBase.Services", "src\MGK.ServiceBase.Services\MGK.ServiceBase.Services.csproj", "{FCB300ED-5DE0-48F3-90FC-17308624CA26}"
EndProject
Project("{9A19103F-16F7-4668-BE54-9A1E7A4F7556}") = "MGK.ServiceBase.IWEManager", "src\MGK.ServiceBase.IWEManager\MGK.ServiceBase.IWEManager.csproj", "{E662A7A7-265F-491E-920A-B8CD48E29C55}"
EndProject
Project("{9A19103F-16F7-4668-BE54-9A1E7A4F7556}") = "MGK.ServiceBase.Configuration", "src\MGK.ServiceBase.Configuration\MGK.ServiceBase.Configuration.csproj", "{A8CD8412-6D03-4269-8F42-D50B7FA4EC41}"
EndProject
Project("{FAE04EC0-301F-11D3-BF4B-00C04F79EFBC}") = "MGK.ServiceBase.Messaging", "src\MGK.ServiceBase.Messaging\MGK.ServiceBase.Messaging.csproj", "{9D70C1BC-7FA9-4AC4-813D-72542FE696DC}"
EndProject
Project("{FAE04EC0-301F-11D3-BF4B-00C04F79EFBC}") = "MGK.ServiceBase.Security", "src\MGK.ServiceBase.Security\MGK.ServiceBase.Security.csproj", "{5AEE759B-9CE0-442D-A78A-B5E70F2E7203}"
EndProject
Global
	GlobalSection(SolutionConfigurationPlatforms) = preSolution
		Debug|Any CPU = Debug|Any CPU
		Release|Any CPU = Release|Any CPU
	EndGlobalSection
	GlobalSection(ProjectConfigurationPlatforms) = postSolution
		{61004F0C-96EA-440A-AA29-403B91FE11CC}.Debug|Any CPU.ActiveCfg = Debug|Any CPU
		{61004F0C-96EA-440A-AA29-403B91FE11CC}.Debug|Any CPU.Build.0 = Debug|Any CPU
		{61004F0C-96EA-440A-AA29-403B91FE11CC}.Release|Any CPU.ActiveCfg = Release|Any CPU
		{61004F0C-96EA-440A-AA29-403B91FE11CC}.Release|Any CPU.Build.0 = Release|Any CPU
		{230554F7-F539-46DE-B77A-C3A1E769AEC5}.Debug|Any CPU.ActiveCfg = Debug|Any CPU
		{230554F7-F539-46DE-B77A-C3A1E769AEC5}.Debug|Any CPU.Build.0 = Debug|Any CPU
		{230554F7-F539-46DE-B77A-C3A1E769AEC5}.Release|Any CPU.ActiveCfg = Release|Any CPU
		{230554F7-F539-46DE-B77A-C3A1E769AEC5}.Release|Any CPU.Build.0 = Release|Any CPU
		{301CEB55-DC45-4701-B86C-664821D81892}.Debug|Any CPU.ActiveCfg = Debug|Any CPU
		{301CEB55-DC45-4701-B86C-664821D81892}.Debug|Any CPU.Build.0 = Debug|Any CPU
		{301CEB55-DC45-4701-B86C-664821D81892}.Release|Any CPU.ActiveCfg = Release|Any CPU
		{301CEB55-DC45-4701-B86C-664821D81892}.Release|Any CPU.Build.0 = Release|Any CPU
		{FCB300ED-5DE0-48F3-90FC-17308624CA26}.Debug|Any CPU.ActiveCfg = Debug|Any CPU
		{FCB300ED-5DE0-48F3-90FC-17308624CA26}.Debug|Any CPU.Build.0 = Debug|Any CPU
		{FCB300ED-5DE0-48F3-90FC-17308624CA26}.Release|Any CPU.ActiveCfg = Release|Any CPU
		{FCB300ED-5DE0-48F3-90FC-17308624CA26}.Release|Any CPU.Build.0 = Release|Any CPU
		{E662A7A7-265F-491E-920A-B8CD48E29C55}.Debug|Any CPU.ActiveCfg = Debug|Any CPU
		{E662A7A7-265F-491E-920A-B8CD48E29C55}.Debug|Any CPU.Build.0 = Debug|Any CPU
		{E662A7A7-265F-491E-920A-B8CD48E29C55}.Release|Any CPU.ActiveCfg = Release|Any CPU
		{E662A7A7-265F-491E-920A-B8CD48E29C55}.Release|Any CPU.Build.0 = Release|Any CPU
		{A8CD8412-6D03-4269-8F42-D50B7FA4EC41}.Debug|Any CPU.ActiveCfg = Debug|Any CPU
		{A8CD8412-6D03-4269-8F42-D50B7FA4EC41}.Debug|Any CPU.Build.0 = Debug|Any CPU
		{A8CD8412-6D03-4269-8F42-D50B7FA4EC41}.Release|Any CPU.ActiveCfg = Release|Any CPU
		{A8CD8412-6D03-4269-8F42-D50B7FA4EC41}.Release|Any CPU.Build.0 = Release|Any CPU
		{9D70C1BC-7FA9-4AC4-813D-72542FE696DC}.Debug|Any CPU.ActiveCfg = Debug|Any CPU
		{9D70C1BC-7FA9-4AC4-813D-72542FE696DC}.Debug|Any CPU.Build.0 = Debug|Any CPU
		{9D70C1BC-7FA9-4AC4-813D-72542FE696DC}.Release|Any CPU.ActiveCfg = Release|Any CPU
		{9D70C1BC-7FA9-4AC4-813D-72542FE696DC}.Release|Any CPU.Build.0 = Release|Any CPU
		{5AEE759B-9CE0-442D-A78A-B5E70F2E7203}.Debug|Any CPU.ActiveCfg = Debug|Any CPU
		{5AEE759B-9CE0-442D-A78A-B5E70F2E7203}.Debug|Any CPU.Build.0 = Debug|Any CPU
		{5AEE759B-9CE0-442D-A78A-B5E70F2E7203}.Release|Any CPU.ActiveCfg = Release|Any CPU
		{5AEE759B-9CE0-442D-A78A-B5E70F2E7203}.Release|Any CPU.Build.0 = Release|Any CPU
	EndGlobalSection
	GlobalSection(SolutionProperties) = preSolution
		HideSolutionNode = FALSE
	EndGlobalSection
	GlobalSection(NestedProjects) = preSolution
		{61004F0C-96EA-440A-AA29-403B91FE11CC} = {B6822AB2-6858-4986-8B58-4DF197B62541}
		{230554F7-F539-46DE-B77A-C3A1E769AEC5} = {B6822AB2-6858-4986-8B58-4DF197B62541}
		{301CEB55-DC45-4701-B86C-664821D81892} = {B6822AB2-6858-4986-8B58-4DF197B62541}
		{FCB300ED-5DE0-48F3-90FC-17308624CA26} = {B6822AB2-6858-4986-8B58-4DF197B62541}
		{E662A7A7-265F-491E-920A-B8CD48E29C55} = {B6822AB2-6858-4986-8B58-4DF197B62541}
		{A8CD8412-6D03-4269-8F42-D50B7FA4EC41} = {B6822AB2-6858-4986-8B58-4DF197B62541}
		{9D70C1BC-7FA9-4AC4-813D-72542FE696DC} = {B6822AB2-6858-4986-8B58-4DF197B62541}
		{5AEE759B-9CE0-442D-A78A-B5E70F2E7203} = {B6822AB2-6858-4986-8B58-4DF197B62541}
	EndGlobalSection
	GlobalSection(ExtensibilityGlobals) = postSolution
		SolutionGuid = {D70BD996-2F7A-4565-8401-3076C6B62140}
	EndGlobalSection
EndGlobal
